
Microsoft Visual Studio Solution File, Format Version 12.00
# Visual Studio Version 17
VisualStudioVersion = 17.6.33815.320
MinimumVisualStudioVersion = 10.0.40219.1
Project("{FAE04EC0-301F-11D3-BF4B-00C04F79EFBC}") = "OOP.Vehiculos.Deber3.1", "OOP.Vehiculos.Deber3.1\OOP.Vehiculos.Deber3.1.csproj", "{76816499-8723-4C10-91C7-CE13594B3400}"
EndProject
Project("{FAE04EC0-301F-11D3-BF4B-00C04F79EFBC}") = "Logica.Program", "Logica.Program\Logica.Program.csproj", "{9516F53A-FD04-448B-A95E-8BD7CFF8D212}"
EndProject
Global
	GlobalSection(SolutionConfigurationPlatforms) = preSolution
		Debug|Any CPU = Debug|Any CPU
		Release|Any CPU = Release|Any CPU
	EndGlobalSection
	GlobalSection(ProjectConfigurationPlatforms) = postSolution
		{76816499-8723-4C10-91C7-CE13594B3400}.Debug|Any CPU.ActiveCfg = Debug|Any CPU
		{76816499-8723-4C10-91C7-CE13594B3400}.Debug|Any CPU.Build.0 = Debug|Any CPU
		{76816499-8723-4C10-91C7-CE13594B3400}.Release|Any CPU.ActiveCfg = Release|Any CPU
		{76816499-8723-4C10-91C7-CE13594B3400}.Release|Any CPU.Build.0 = Release|Any CPU
		{9516F53A-FD04-448B-A95E-8BD7CFF8D212}.Debug|Any CPU.ActiveCfg = Debug|Any CPU
		{9516F53A-FD04-448B-A95E-8BD7CFF8D212}.Debug|Any CPU.Build.0 = Debug|Any CPU
		{9516F53A-FD04-448B-A95E-8BD7CFF8D212}.Release|Any CPU.ActiveCfg = Release|Any CPU
		{9516F53A-FD04-448B-A95E-8BD7CFF8D212}.Release|Any CPU.Build.0 = Release|Any CPU
	EndGlobalSection
	GlobalSection(SolutionProperties) = preSolution
		HideSolutionNode = FALSE
	EndGlobalSection
	GlobalSection(ExtensibilityGlobals) = postSolution
		SolutionGuid = {A83E3B3B-E76C-46ED-B532-232608D6D302}
	EndGlobalSection
EndGlobal
